
Microsoft Visual Studio Solution File, Format Version 12.00
# Visual Studio Version 17
VisualStudioVersion = 17.9.34728.123
MinimumVisualStudioVersion = 10.0.40219.1
Project("{FAE04EC0-301F-11D3-BF4B-00C04F79EFBC}") = "PizzaPlaceAPI", "PizzaPlaceAPI\PizzaPlaceAPI.csproj", "{977CD080-BF21-407A-96AB-5D71DFE4CCD9}"
EndProject
Global
	GlobalSection(SolutionConfigurationPlatforms) = preSolution
		Debug|Any CPU = Debug|Any CPU
		Release|Any CPU = Release|Any CPU
	EndGlobalSection
	GlobalSection(ProjectConfigurationPlatforms) = postSolution
		{977CD080-BF21-407A-96AB-5D71DFE4CCD9}.Debug|Any CPU.ActiveCfg = Debug|Any CPU
		{977CD080-BF21-407A-96AB-5D71DFE4CCD9}.Debug|Any CPU.Build.0 = Debug|Any CPU
		{977CD080-BF21-407A-96AB-5D71DFE4CCD9}.Release|Any CPU.ActiveCfg = Release|Any CPU
		{977CD080-BF21-407A-96AB-5D71DFE4CCD9}.Release|Any CPU.Build.0 = Release|Any CPU
	EndGlobalSection
	GlobalSection(SolutionProperties) = preSolution
		HideSolutionNode = FALSE
	EndGlobalSection
	GlobalSection(ExtensibilityGlobals) = postSolution
		SolutionGuid = {0389FBA5-E082-4086-B883-DF2B4AE28840}
	EndGlobalSection
EndGlobal
